{
  "name": "ix.gas.DeliveryScheduler",
  "lockfileVersion": 2,
  "requires": true,
  "packages": {
    "": {
      "dependencies": {
        "@sgs-turbo23/ix.js.datetime_extension": "^1.0.1"
      }
    },
    "node_modules/@sgs-turbo23/ix.js.datetime_extension": {
      "version": "1.0.1",
      "resolved": "https://npm.pkg.github.com/download/@sgs-turbo23/ix.js.datetime_extension/1.0.1/5f6c1dd1199ccc5de3070d1e38344be3bbc7b8d6468fa24f2030fba246d2580b",
      "integrity": "sha512-EcV4Ulqry810lKRhLO8fgTlFDLuduFEnMKCrhLe44Lbw7Y0IFxCzeVqaC+yrjlMuTn1bKnBC5Eb+rm8M0ZiMYQ==",
      "license": "ISC"
    }
  },
  "dependencies": {
    "@sgs-turbo23/ix.js.datetime_extension": {
      "version": "1.0.1",
      "resolved": "https://npm.pkg.github.com/download/@sgs-turbo23/ix.js.datetime_extension/1.0.1/5f6c1dd1199ccc5de3070d1e38344be3bbc7b8d6468fa24f2030fba246d2580b",
      "integrity": "sha512-EcV4Ulqry810lKRhLO8fgTlFDLuduFEnMKCrhLe44Lbw7Y0IFxCzeVqaC+yrjlMuTn1bKnBC5Eb+rm8M0ZiMYQ=="
    }
  }
}
